
Microsoft Visual Studio Solution File, Format Version 12.00
# Visual Studio Version 16
VisualStudioVersion = 16.0.30104.148
MinimumVisualStudioVersion = 10.0.40219.1
Project("{FAE04EC0-301F-11D3-BF4B-00C04F79EFBC}") = "1.1", "Exercises\1.1.csproj", "{893FCA79-753E-4270-8771-C6F6BBA09D38}"
EndProject
Project("{FAE04EC0-301F-11D3-BF4B-00C04F79EFBC}") = "1.2", "ConsoleApp1\1.2.csproj", "{97CE5DCE-953F-4469-BFB6-CA4E24C74CD8}"
EndProject
Project("{FAE04EC0-301F-11D3-BF4B-00C04F79EFBC}") = "1.3", "ConsoleApp2\1.3.csproj", "{A34F0FFE-98B7-4C11-939F-96D4842D7DFF}"
EndProject
Project("{2150E333-8FDC-42A3-9474-1A3956D46DE8}") = "1", "1", "{9DA6EF67-347E-4C42-BFDB-F582AFE0B521}"
EndProject
Project("{FAE04EC0-301F-11D3-BF4B-00C04F79EFBC}") = "1.5", "ConsoleApp3\1.5.csproj", "{0126CBB1-C552-41A1-AECC-C1CF01FDFB6A}"
EndProject
Project("{FAE04EC0-301F-11D3-BF4B-00C04F79EFBC}") = "1.6", "ConsoleApp4\1.6.csproj", "{172FBC60-4FAF-45FB-AE48-CDA766A5B5BD}"
EndProject
Project("{FAE04EC0-301F-11D3-BF4B-00C04F79EFBC}") = "1.7", "ConsoleApp5\1.7.csproj", "{AF590329-4C3F-4FB0-ADE9-175BF58C245D}"
EndProject
Project("{FAE04EC0-301F-11D3-BF4B-00C04F79EFBC}") = "1.8", "ConsoleApp6\1.8.csproj", "{CC211B25-F332-4354-A645-C27AAF48B97D}"
EndProject
Project("{FAE04EC0-301F-11D3-BF4B-00C04F79EFBC}") = "1.9", "ConsoleApp7\1.9.csproj", "{B1969B4D-9CDF-4E5C-B88B-EC67E8ADD59A}"
EndProject
Project("{FAE04EC0-301F-11D3-BF4B-00C04F79EFBC}") = "1.10", "ConsoleApp8\1.10.csproj", "{DB547C69-CE75-4970-8E68-021B6BCFB602}"
EndProject
Project("{FAE04EC0-301F-11D3-BF4B-00C04F79EFBC}") = "1.11", "ConsoleApp9\1.11.csproj", "{A2D12090-63A5-4C1B-A26C-8BD311A04341}"
EndProject
Project("{FAE04EC0-301F-11D3-BF4B-00C04F79EFBC}") = "1.4", "ConsoleApp10\1.4.csproj", "{5B418CDA-D0C3-48E1-8B16-CC90E121C5D8}"
EndProject
Project("{2150E333-8FDC-42A3-9474-1A3956D46DE8}") = "2", "2", "{7B5240D9-A3D4-4718-B39D-2B13046F7BE8}"
EndProject
Project("{FAE04EC0-301F-11D3-BF4B-00C04F79EFBC}") = "2.1", "ConsoleApp11\2.1.csproj", "{908E6351-522C-4919-9159-2E1958981BB9}"
EndProject
Project("{FAE04EC0-301F-11D3-BF4B-00C04F79EFBC}") = "2.2", "ConsoleApp12\2.2.csproj", "{D2F465C6-67D6-4283-A215-3310A3AE16D5}"
EndProject
Project("{FAE04EC0-301F-11D3-BF4B-00C04F79EFBC}") = "2.3", "ConsoleApp13\2.3.csproj", "{F24D3FCD-A1FD-4E29-AA74-CA963A07543F}"
EndProject
Project("{FAE04EC0-301F-11D3-BF4B-00C04F79EFBC}") = "2.4", "ConsoleApp14\2.4.csproj", "{918D32FE-32AF-43FF-98BA-5FE1D5D7AF6F}"
EndProject
Project("{FAE04EC0-301F-11D3-BF4B-00C04F79EFBC}") = "2.5", "ConsoleApp15\2.5.csproj", "{E890EA25-BFDE-4443-8EB0-3A46ABB35046}"
EndProject
Project("{FAE04EC0-301F-11D3-BF4B-00C04F79EFBC}") = "2.6", "ConsoleApp16\2.6.csproj", "{0CBDB214-D0D2-4AEF-B42C-DD3BCA70A722}"
EndProject
Project("{2150E333-8FDC-42A3-9474-1A3956D46DE8}") = "3", "3", "{37C0C2DE-E04E-4F89-8BF6-E25DAFD30801}"
EndProject
Project("{FAE04EC0-301F-11D3-BF4B-00C04F79EFBC}") = "3.1 a", "ConsoleApp17\3.1 a.csproj", "{FA83D573-0E71-47CB-977D-46960395611D}"
EndProject
Project("{FAE04EC0-301F-11D3-BF4B-00C04F79EFBC}") = "3.1 b", "ConsoleApp18\3.1 b.csproj", "{DD8F3665-F6AD-447D-A72F-02037592A8A7}"
EndProject
Project("{FAE04EC0-301F-11D3-BF4B-00C04F79EFBC}") = "3.2 a", "ConsoleApp19\3.2 a.csproj", "{86B67C3D-01A3-429C-870C-DC7D28CCFA1D}"
EndProject
Project("{FAE04EC0-301F-11D3-BF4B-00C04F79EFBC}") = "3.2 b", "ConsoleApp20\3.2 b.csproj", "{1FD3524E-0539-4D53-B9E8-0B2A59E53EA5}"
EndProject
Project("{FAE04EC0-301F-11D3-BF4B-00C04F79EFBC}") = "3.3 a", "ConsoleApp21\3.3 a.csproj", "{963B593B-A0BB-460E-91FE-21BF5D7DB1D2}"
EndProject
Project("{FAE04EC0-301F-11D3-BF4B-00C04F79EFBC}") = "3.3 b", "ConsoleApp22\3.3 b.csproj", "{D89777B8-6E3E-4E68-B9B0-9339A28A93A8}"
EndProject
Project("{FAE04EC0-301F-11D3-BF4B-00C04F79EFBC}") = "3.3 c", "ConsoleApp23\3.3 c.csproj", "{28593BE6-FAFC-451D-A4B5-3C551F780CA6}"
EndProject
Project("{FAE04EC0-301F-11D3-BF4B-00C04F79EFBC}") = "3.3 d", "ConsoleApp24\3.3 d.csproj", "{DF426A5A-100E-46B9-BF93-A472964693B3}"
EndProject
Project("{FAE04EC0-301F-11D3-BF4B-00C04F79EFBC}") = "3.4 a", "ConsoleApp25\3.4 a.csproj", "{00F35C30-E431-43ED-9CEF-B129C42EB465}"
EndProject
Project("{FAE04EC0-301F-11D3-BF4B-00C04F79EFBC}") = "3.4 b", "ConsoleApp26\3.4 b.csproj", "{531260F9-BCAF-48F2-8119-D9A5D1B0E9ED}"
EndProject
Project("{FAE04EC0-301F-11D3-BF4B-00C04F79EFBC}") = "3.4 c", "ConsoleApp27\3.4 c.csproj", "{0256CCB4-A67D-4E9D-96B5-E6E9D1F793FA}"
EndProject
Project("{2150E333-8FDC-42A3-9474-1A3956D46DE8}") = "4", "4", "{E431F97E-E611-443D-BF66-8B4A83DB0976}"
EndProject
Project("{FAE04EC0-301F-11D3-BF4B-00C04F79EFBC}") = "4.1", "ConsoleApp28\4.1.csproj", "{047CBD3D-92BC-4EAD-9DF1-472E5838766E}"
EndProject
Project("{FAE04EC0-301F-11D3-BF4B-00C04F79EFBC}") = "4.2", "ConsoleApp29\4.2.csproj", "{EB8DEADE-23F0-4B70-9465-6D0B608C1EFC}"
EndProject
Project("{FAE04EC0-301F-11D3-BF4B-00C04F79EFBC}") = "4.3", "ConsoleApp30\4.3.csproj", "{F2E42A85-838A-41B8-B098-E0CB8EA87461}"
EndProject
Project("{FAE04EC0-301F-11D3-BF4B-00C04F79EFBC}") = "4.4", "ConsoleApp31\4.4.csproj", "{9E99FBEC-FA7F-40B3-BFC8-F2DCE4351461}"
EndProject
Project("{FAE04EC0-301F-11D3-BF4B-00C04F79EFBC}") = "4.5", "ConsoleApp32\4.5.csproj", "{4BD91302-FD52-44E6-B310-4033CD096725}"
EndProject
Project("{2150E333-8FDC-42A3-9474-1A3956D46DE8}") = "5", "5", "{88767E57-2476-423B-945A-65D45603B4C1}"
EndProject
Project("{FAE04EC0-301F-11D3-BF4B-00C04F79EFBC}") = "5.1", "ConsoleApp33\5.1.csproj", "{1FB46B09-46A3-4080-B47A-56EC633BD76D}"
EndProject
Project("{FAE04EC0-301F-11D3-BF4B-00C04F79EFBC}") = "5.2 a b c", "ConsoleApp34\5.2 a b c.csproj", "{F1ABC4BB-43A1-4696-BD52-28D9DC44E31D}"
EndProject
Project("{FAE04EC0-301F-11D3-BF4B-00C04F79EFBC}") = "5.3 b", "ConsoleApp35\5.3 b.csproj", "{DF9BB5CB-CF2F-4970-8F9E-A396053CCFA6}"
EndProject
Project("{FAE04EC0-301F-11D3-BF4B-00C04F79EFBC}") = "5.3", "ConsoleApp36\5.3.csproj", "{34957529-BF31-4B49-829E-E471CA315C11}"
EndProject
Project("{2150E333-8FDC-42A3-9474-1A3956D46DE8}") = "6", "6", "{224AFF48-3AB4-453A-B0FC-0361CF72681D}"
EndProject
Project("{FAE04EC0-301F-11D3-BF4B-00C04F79EFBC}") = "6.1 a", "ConsoleApp37\6.1 a.csproj", "{04ABF803-EB9E-42D0-83AC-8DCFE4BF90C2}"
EndProject
Project("{FAE04EC0-301F-11D3-BF4B-00C04F79EFBC}") = "6.3 a", "ConsoleApp38\6.3 a.csproj", "{844EB59E-0C6D-45A0-B480-24B246F99F94}"
EndProject
Project("{FAE04EC0-301F-11D3-BF4B-00C04F79EFBC}") = "6.3 c", "ConsoleApp39\6.3 c.csproj", "{683362AD-B25F-4563-BD40-3554C7E1F9AA}"
EndProject
Project("{FAE04EC0-301F-11D3-BF4B-00C04F79EFBC}") = "6.3 d", "ConsoleApp40\6.3 d.csproj", "{C5B86541-D948-477E-B5B7-0885A9826CA6}"
EndProject
Project("{FAE04EC0-301F-11D3-BF4B-00C04F79EFBC}") = "6.3 e", "ConsoleApp41\6.3 e.csproj", "{3159D996-722C-487C-8B2C-0CAD8AEC77A1}"
EndProject
Project("{2150E333-8FDC-42A3-9474-1A3956D46DE8}") = "8", "8", "{0985B943-F249-4BA6-AF75-6B034878A0C1}"
EndProject
Project("{FAE04EC0-301F-11D3-BF4B-00C04F79EFBC}") = "8.1", "ConsoleApp42\8.1.csproj", "{0DD48CF4-647D-4C52-901D-35F94A73C91A}"
EndProject
Project("{FAE04EC0-301F-11D3-BF4B-00C04F79EFBC}") = "8.2", "ConsoleApp43\8.2.csproj", "{7E74A476-D414-406A-BAE5-EC6A637A4DC3}"
EndProject
Project("{FAE04EC0-301F-11D3-BF4B-00C04F79EFBC}") = "8.3", "ConsoleApp44\8.3.csproj", "{6F065AF1-48E3-44C7-946B-DADB816DAD2B}"
EndProject
Project("{2150E333-8FDC-42A3-9474-1A3956D46DE8}") = "10", "10", "{5BAAF56E-6B38-4E15-9772-3EBA62275D86}"
EndProject
Project("{FAE04EC0-301F-11D3-BF4B-00C04F79EFBC}") = "10.2 a", "ConsoleApp45\10.2 a.csproj", "{4361EF85-F2C8-404C-A0ED-A4DEF6BE8C11}"
EndProject
Project("{2150E333-8FDC-42A3-9474-1A3956D46DE8}") = "11", "11", "{24F2CBEE-00D2-468F-81DF-9AC49AF3E9BC}"
EndProject
Project("{FAE04EC0-301F-11D3-BF4B-00C04F79EFBC}") = "1.1", "..\..\..\OneDrive\Desktop\РЕЗЮМЕ\1234567\Programovani\1.1 a\1.1.csproj", "{8B1EBCF9-7CD7-4433-8164-AB727AC045EA}"
EndProject
Project("{FAE04EC0-301F-11D3-BF4B-00C04F79EFBC}") = "1.1 c", "..\..\..\OneDrive\Desktop\РЕЗЮМЕ\1234567\Programovani\1.1 c\1.1 c.csproj", "{B416D7E6-5063-4874-90BF-8D1689B21304}"
EndProject
Project("{FAE04EC0-301F-11D3-BF4B-00C04F79EFBC}") = "1.2", "..\..\..\OneDrive\Desktop\РЕЗЮМЕ\1234567\Programovani\1.2\1.2.csproj", "{35531473-A112-4C6A-B5E3-98E0854BA745}"
EndProject
Project("{FAE04EC0-301F-11D3-BF4B-00C04F79EFBC}") = "1.3", "..\..\..\OneDrive\Desktop\РЕЗЮМЕ\1234567\Programovani\1.3\1.3.csproj", "{D5D6BD6C-4267-4CC5-B389-ED11B618F634}"
EndProject
Project("{FAE04EC0-301F-11D3-BF4B-00C04F79EFBC}") = "2.1", "..\..\..\OneDrive\Desktop\РЕЗЮМЕ\1234567\2\2.1\2.1.csproj", "{518547F6-C73C-467F-A954-F50B34F877D9}"
EndProject
Project("{FAE04EC0-301F-11D3-BF4B-00C04F79EFBC}") = "2.2", "..\..\..\OneDrive\Desktop\РЕЗЮМЕ\1234567\2\2.2\2.2.csproj", "{0F780ADE-8CD3-462F-8852-DB94452499DD}"
EndProject
Project("{FAE04EC0-301F-11D3-BF4B-00C04F79EFBC}") = "2.3", "..\..\..\OneDrive\Desktop\РЕЗЮМЕ\1234567\2\2.3\2.3.csproj", "{33D3F943-0EDE-42DE-9A97-49857348F3CF}"
EndProject
Project("{FAE04EC0-301F-11D3-BF4B-00C04F79EFBC}") = "3.2 a", "..\..\..\OneDrive\Desktop\РЕЗЮМЕ\1234567\3.2\3.2 a\3.2 a.csproj", "{D9C351F7-CA8F-4AF6-8173-DDCA243A07CD}"
EndProject
Project("{FAE04EC0-301F-11D3-BF4B-00C04F79EFBC}") = "5.2", "..\..\..\OneDrive\Desktop\РЕЗЮМЕ\1234567\5\5.2\5.2.csproj", "{02CB798B-85A9-4DBD-BBFB-C9D99631B6A0}"
EndProject
Project("{FAE04EC0-301F-11D3-BF4B-00C04F79EFBC}") = "5.2 a", "..\..\..\OneDrive\Desktop\РЕЗЮМЕ\1234567\5\5.2 a\5.2 a.csproj", "{568CC734-331A-43AE-ACF6-1F900597F3F8}"
EndProject
Project("{FAE04EC0-301F-11D3-BF4B-00C04F79EFBC}") = "5.2 d", "..\..\..\OneDrive\Desktop\РЕЗЮМЕ\1234567\5\5.2 d\5.2 d.csproj", "{B6C45B2B-8F75-46A8-AF59-BEA126394D4D}"
EndProject
Project("{FAE04EC0-301F-11D3-BF4B-00C04F79EFBC}") = "7.1", "..\..\..\OneDrive\Desktop\РЕЗЮМЕ\1234567\7.1\7.1\7.1.csproj", "{CC3275DD-4F30-443D-BC79-CBCD67416F32}"
EndProject
Global
	GlobalSection(SolutionConfigurationPlatforms) = preSolution
		Debug|Any CPU = Debug|Any CPU
		Release|Any CPU = Release|Any CPU
	EndGlobalSection
	GlobalSection(ProjectConfigurationPlatforms) = postSolution
		{893FCA79-753E-4270-8771-C6F6BBA09D38}.Debug|Any CPU.ActiveCfg = Debug|Any CPU
		{893FCA79-753E-4270-8771-C6F6BBA09D38}.Debug|Any CPU.Build.0 = Debug|Any CPU
		{893FCA79-753E-4270-8771-C6F6BBA09D38}.Release|Any CPU.ActiveCfg = Release|Any CPU
		{893FCA79-753E-4270-8771-C6F6BBA09D38}.Release|Any CPU.Build.0 = Release|Any CPU
		{97CE5DCE-953F-4469-BFB6-CA4E24C74CD8}.Debug|Any CPU.ActiveCfg = Debug|Any CPU
		{97CE5DCE-953F-4469-BFB6-CA4E24C74CD8}.Debug|Any CPU.Build.0 = Debug|Any CPU
		{97CE5DCE-953F-4469-BFB6-CA4E24C74CD8}.Release|Any CPU.ActiveCfg = Release|Any CPU
		{97CE5DCE-953F-4469-BFB6-CA4E24C74CD8}.Release|Any CPU.Build.0 = Release|Any CPU
		{A34F0FFE-98B7-4C11-939F-96D4842D7DFF}.Debug|Any CPU.ActiveCfg = Debug|Any CPU
		{A34F0FFE-98B7-4C11-939F-96D4842D7DFF}.Debug|Any CPU.Build.0 = Debug|Any CPU
		{A34F0FFE-98B7-4C11-939F-96D4842D7DFF}.Release|Any CPU.ActiveCfg = Release|Any CPU
		{A34F0FFE-98B7-4C11-939F-96D4842D7DFF}.Release|Any CPU.Build.0 = Release|Any CPU
		{0126CBB1-C552-41A1-AECC-C1CF01FDFB6A}.Debug|Any CPU.ActiveCfg = Debug|Any CPU
		{0126CBB1-C552-41A1-AECC-C1CF01FDFB6A}.Debug|Any CPU.Build.0 = Debug|Any CPU
		{0126CBB1-C552-41A1-AECC-C1CF01FDFB6A}.Release|Any CPU.ActiveCfg = Release|Any CPU
		{0126CBB1-C552-41A1-AECC-C1CF01FDFB6A}.Release|Any CPU.Build.0 = Release|Any CPU
		{172FBC60-4FAF-45FB-AE48-CDA766A5B5BD}.Debug|Any CPU.ActiveCfg = Debug|Any CPU
		{172FBC60-4FAF-45FB-AE48-CDA766A5B5BD}.Debug|Any CPU.Build.0 = Debug|Any CPU
		{172FBC60-4FAF-45FB-AE48-CDA766A5B5BD}.Release|Any CPU.ActiveCfg = Release|Any CPU
		{172FBC60-4FAF-45FB-AE48-CDA766A5B5BD}.Release|Any CPU.Build.0 = Release|Any CPU
		{AF590329-4C3F-4FB0-ADE9-175BF58C245D}.Debug|Any CPU.ActiveCfg = Debug|Any CPU
		{AF590329-4C3F-4FB0-ADE9-175BF58C245D}.Debug|Any CPU.Build.0 = Debug|Any CPU
		{AF590329-4C3F-4FB0-ADE9-175BF58C245D}.Release|Any CPU.ActiveCfg = Release|Any CPU
		{AF590329-4C3F-4FB0-ADE9-175BF58C245D}.Release|Any CPU.Build.0 = Release|Any CPU
		{CC211B25-F332-4354-A645-C27AAF48B97D}.Debug|Any CPU.ActiveCfg = Debug|Any CPU
		{CC211B25-F332-4354-A645-C27AAF48B97D}.Debug|Any CPU.Build.0 = Debug|Any CPU
		{CC211B25-F332-4354-A645-C27AAF48B97D}.Release|Any CPU.ActiveCfg = Release|Any CPU
		{CC211B25-F332-4354-A645-C27AAF48B97D}.Release|Any CPU.Build.0 = Release|Any CPU
		{B1969B4D-9CDF-4E5C-B88B-EC67E8ADD59A}.Debug|Any CPU.ActiveCfg = Debug|Any CPU
		{B1969B4D-9CDF-4E5C-B88B-EC67E8ADD59A}.Debug|Any CPU.Build.0 = Debug|Any CPU
		{B1969B4D-9CDF-4E5C-B88B-EC67E8ADD59A}.Release|Any CPU.ActiveCfg = Release|Any CPU
		{B1969B4D-9CDF-4E5C-B88B-EC67E8ADD59A}.Release|Any CPU.Build.0 = Release|Any CPU
		{DB547C69-CE75-4970-8E68-021B6BCFB602}.Debug|Any CPU.ActiveCfg = Debug|Any CPU
		{DB547C69-CE75-4970-8E68-021B6BCFB602}.Debug|Any CPU.Build.0 = Debug|Any CPU
		{DB547C69-CE75-4970-8E68-021B6BCFB602}.Release|Any CPU.ActiveCfg = Release|Any CPU
		{DB547C69-CE75-4970-8E68-021B6BCFB602}.Release|Any CPU.Build.0 = Release|Any CPU
		{A2D12090-63A5-4C1B-A26C-8BD311A04341}.Debug|Any CPU.ActiveCfg = Debug|Any CPU
		{A2D12090-63A5-4C1B-A26C-8BD311A04341}.Debug|Any CPU.Build.0 = Debug|Any CPU
		{A2D12090-63A5-4C1B-A26C-8BD311A04341}.Release|Any CPU.ActiveCfg = Release|Any CPU
		{A2D12090-63A5-4C1B-A26C-8BD311A04341}.Release|Any CPU.Build.0 = Release|Any CPU
		{5B418CDA-D0C3-48E1-8B16-CC90E121C5D8}.Debug|Any CPU.ActiveCfg = Debug|Any CPU
		{5B418CDA-D0C3-48E1-8B16-CC90E121C5D8}.Debug|Any CPU.Build.0 = Debug|Any CPU
		{5B418CDA-D0C3-48E1-8B16-CC90E121C5D8}.Release|Any CPU.ActiveCfg = Release|Any CPU
		{5B418CDA-D0C3-48E1-8B16-CC90E121C5D8}.Release|Any CPU.Build.0 = Release|Any CPU
		{908E6351-522C-4919-9159-2E1958981BB9}.Debug|Any CPU.ActiveCfg = Debug|Any CPU
		{908E6351-522C-4919-9159-2E1958981BB9}.Debug|Any CPU.Build.0 = Debug|Any CPU
		{908E6351-522C-4919-9159-2E1958981BB9}.Release|Any CPU.ActiveCfg = Release|Any CPU
		{908E6351-522C-4919-9159-2E1958981BB9}.Release|Any CPU.Build.0 = Release|Any CPU
		{D2F465C6-67D6-4283-A215-3310A3AE16D5}.Debug|Any CPU.ActiveCfg = Debug|Any CPU
		{D2F465C6-67D6-4283-A215-3310A3AE16D5}.Debug|Any CPU.Build.0 = Debug|Any CPU
		{D2F465C6-67D6-4283-A215-3310A3AE16D5}.Release|Any CPU.ActiveCfg = Release|Any CPU
		{D2F465C6-67D6-4283-A215-3310A3AE16D5}.Release|Any CPU.Build.0 = Release|Any CPU
		{F24D3FCD-A1FD-4E29-AA74-CA963A07543F}.Debug|Any CPU.ActiveCfg = Debug|Any CPU
		{F24D3FCD-A1FD-4E29-AA74-CA963A07543F}.Debug|Any CPU.Build.0 = Debug|Any CPU
		{F24D3FCD-A1FD-4E29-AA74-CA963A07543F}.Release|Any CPU.ActiveCfg = Release|Any CPU
		{F24D3FCD-A1FD-4E29-AA74-CA963A07543F}.Release|Any CPU.Build.0 = Release|Any CPU
		{918D32FE-32AF-43FF-98BA-5FE1D5D7AF6F}.Debug|Any CPU.ActiveCfg = Debug|Any CPU
		{918D32FE-32AF-43FF-98BA-5FE1D5D7AF6F}.Debug|Any CPU.Build.0 = Debug|Any CPU
		{918D32FE-32AF-43FF-98BA-5FE1D5D7AF6F}.Release|Any CPU.ActiveCfg = Release|Any CPU
		{918D32FE-32AF-43FF-98BA-5FE1D5D7AF6F}.Release|Any CPU.Build.0 = Release|Any CPU
		{E890EA25-BFDE-4443-8EB0-3A46ABB35046}.Debug|Any CPU.ActiveCfg = Debug|Any CPU
		{E890EA25-BFDE-4443-8EB0-3A46ABB35046}.Debug|Any CPU.Build.0 = Debug|Any CPU
		{E890EA25-BFDE-4443-8EB0-3A46ABB35046}.Release|Any CPU.ActiveCfg = Release|Any CPU
		{E890EA25-BFDE-4443-8EB0-3A46ABB35046}.Release|Any CPU.Build.0 = Release|Any CPU
		{0CBDB214-D0D2-4AEF-B42C-DD3BCA70A722}.Debug|Any CPU.ActiveCfg = Debug|Any CPU
		{0CBDB214-D0D2-4AEF-B42C-DD3BCA70A722}.Debug|Any CPU.Build.0 = Debug|Any CPU
		{0CBDB214-D0D2-4AEF-B42C-DD3BCA70A722}.Release|Any CPU.ActiveCfg = Release|Any CPU
		{0CBDB214-D0D2-4AEF-B42C-DD3BCA70A722}.Release|Any CPU.Build.0 = Release|Any CPU
		{FA83D573-0E71-47CB-977D-46960395611D}.Debug|Any CPU.ActiveCfg = Debug|Any CPU
		{FA83D573-0E71-47CB-977D-46960395611D}.Debug|Any CPU.Build.0 = Debug|Any CPU
		{FA83D573-0E71-47CB-977D-46960395611D}.Release|Any CPU.ActiveCfg = Release|Any CPU
		{FA83D573-0E71-47CB-977D-46960395611D}.Release|Any CPU.Build.0 = Release|Any CPU
		{DD8F3665-F6AD-447D-A72F-02037592A8A7}.Debug|Any CPU.ActiveCfg = Debug|Any CPU
		{DD8F3665-F6AD-447D-A72F-02037592A8A7}.Debug|Any CPU.Build.0 = Debug|Any CPU
		{DD8F3665-F6AD-447D-A72F-02037592A8A7}.Release|Any CPU.ActiveCfg = Release|Any CPU
		{DD8F3665-F6AD-447D-A72F-02037592A8A7}.Release|Any CPU.Build.0 = Release|Any CPU
		{86B67C3D-01A3-429C-870C-DC7D28CCFA1D}.Debug|Any CPU.ActiveCfg = Debug|Any CPU
		{86B67C3D-01A3-429C-870C-DC7D28CCFA1D}.Debug|Any CPU.Build.0 = Debug|Any CPU
		{86B67C3D-01A3-429C-870C-DC7D28CCFA1D}.Release|Any CPU.ActiveCfg = Release|Any CPU
		{86B67C3D-01A3-429C-870C-DC7D28CCFA1D}.Release|Any CPU.Build.0 = Release|Any CPU
		{1FD3524E-0539-4D53-B9E8-0B2A59E53EA5}.Debug|Any CPU.ActiveCfg = Debug|Any CPU
		{1FD3524E-0539-4D53-B9E8-0B2A59E53EA5}.Debug|Any CPU.Build.0 = Debug|Any CPU
		{1FD3524E-0539-4D53-B9E8-0B2A59E53EA5}.Release|Any CPU.ActiveCfg = Release|Any CPU
		{1FD3524E-0539-4D53-B9E8-0B2A59E53EA5}.Release|Any CPU.Build.0 = Release|Any CPU
		{963B593B-A0BB-460E-91FE-21BF5D7DB1D2}.Debug|Any CPU.ActiveCfg = Debug|Any CPU
		{963B593B-A0BB-460E-91FE-21BF5D7DB1D2}.Debug|Any CPU.Build.0 = Debug|Any CPU
		{963B593B-A0BB-460E-91FE-21BF5D7DB1D2}.Release|Any CPU.ActiveCfg = Release|Any CPU
		{963B593B-A0BB-460E-91FE-21BF5D7DB1D2}.Release|Any CPU.Build.0 = Release|Any CPU
		{D89777B8-6E3E-4E68-B9B0-9339A28A93A8}.Debug|Any CPU.ActiveCfg = Debug|Any CPU
		{D89777B8-6E3E-4E68-B9B0-9339A28A93A8}.Debug|Any CPU.Build.0 = Debug|Any CPU
		{D89777B8-6E3E-4E68-B9B0-9339A28A93A8}.Release|Any CPU.ActiveCfg = Release|Any CPU
		{D89777B8-6E3E-4E68-B9B0-9339A28A93A8}.Release|Any CPU.Build.0 = Release|Any CPU
		{28593BE6-FAFC-451D-A4B5-3C551F780CA6}.Debug|Any CPU.ActiveCfg = Debug|Any CPU
		{28593BE6-FAFC-451D-A4B5-3C551F780CA6}.Debug|Any CPU.Build.0 = Debug|Any CPU
		{28593BE6-FAFC-451D-A4B5-3C551F780CA6}.Release|Any CPU.ActiveCfg = Release|Any CPU
		{28593BE6-FAFC-451D-A4B5-3C551F780CA6}.Release|Any CPU.Build.0 = Release|Any CPU
		{DF426A5A-100E-46B9-BF93-A472964693B3}.Debug|Any CPU.ActiveCfg = Debug|Any CPU
		{DF426A5A-100E-46B9-BF93-A472964693B3}.Debug|Any CPU.Build.0 = Debug|Any CPU
		{DF426A5A-100E-46B9-BF93-A472964693B3}.Release|Any CPU.ActiveCfg = Release|Any CPU
		{DF426A5A-100E-46B9-BF93-A472964693B3}.Release|Any CPU.Build.0 = Release|Any CPU
		{00F35C30-E431-43ED-9CEF-B129C42EB465}.Debug|Any CPU.ActiveCfg = Debug|Any CPU
		{00F35C30-E431-43ED-9CEF-B129C42EB465}.Debug|Any CPU.Build.0 = Debug|Any CPU
		{00F35C30-E431-43ED-9CEF-B129C42EB465}.Release|Any CPU.ActiveCfg = Release|Any CPU
		{00F35C30-E431-43ED-9CEF-B129C42EB465}.Release|Any CPU.Build.0 = Release|Any CPU
		{531260F9-BCAF-48F2-8119-D9A5D1B0E9ED}.Debug|Any CPU.ActiveCfg = Debug|Any CPU
		{531260F9-BCAF-48F2-8119-D9A5D1B0E9ED}.Debug|Any CPU.Build.0 = Debug|Any CPU
		{531260F9-BCAF-48F2-8119-D9A5D1B0E9ED}.Release|Any CPU.ActiveCfg = Release|Any CPU
		{531260F9-BCAF-48F2-8119-D9A5D1B0E9ED}.Release|Any CPU.Build.0 = Release|Any CPU
		{0256CCB4-A67D-4E9D-96B5-E6E9D1F793FA}.Debug|Any CPU.ActiveCfg = Debug|Any CPU
		{0256CCB4-A67D-4E9D-96B5-E6E9D1F793FA}.Debug|Any CPU.Build.0 = Debug|Any CPU
		{0256CCB4-A67D-4E9D-96B5-E6E9D1F793FA}.Release|Any CPU.ActiveCfg = Release|Any CPU
		{0256CCB4-A67D-4E9D-96B5-E6E9D1F793FA}.Release|Any CPU.Build.0 = Release|Any CPU
		{047CBD3D-92BC-4EAD-9DF1-472E5838766E}.Debug|Any CPU.ActiveCfg = Debug|Any CPU
		{047CBD3D-92BC-4EAD-9DF1-472E5838766E}.Debug|Any CPU.Build.0 = Debug|Any CPU
		{047CBD3D-92BC-4EAD-9DF1-472E5838766E}.Release|Any CPU.ActiveCfg = Release|Any CPU
		{047CBD3D-92BC-4EAD-9DF1-472E5838766E}.Release|Any CPU.Build.0 = Release|Any CPU
		{EB8DEADE-23F0-4B70-9465-6D0B608C1EFC}.Debug|Any CPU.ActiveCfg = Debug|Any CPU
		{EB8DEADE-23F0-4B70-9465-6D0B608C1EFC}.Debug|Any CPU.Build.0 = Debug|Any CPU
		{EB8DEADE-23F0-4B70-9465-6D0B608C1EFC}.Release|Any CPU.ActiveCfg = Release|Any CPU
		{EB8DEADE-23F0-4B70-9465-6D0B608C1EFC}.Release|Any CPU.Build.0 = Release|Any CPU
		{F2E42A85-838A-41B8-B098-E0CB8EA87461}.Debug|Any CPU.ActiveCfg = Debug|Any CPU
		{F2E42A85-838A-41B8-B098-E0CB8EA87461}.Debug|Any CPU.Build.0 = Debug|Any CPU
		{F2E42A85-838A-41B8-B098-E0CB8EA87461}.Release|Any CPU.ActiveCfg = Release|Any CPU
		{F2E42A85-838A-41B8-B098-E0CB8EA87461}.Release|Any CPU.Build.0 = Release|Any CPU
		{9E99FBEC-FA7F-40B3-BFC8-F2DCE4351461}.Debug|Any CPU.ActiveCfg = Debug|Any CPU
		{9E99FBEC-FA7F-40B3-BFC8-F2DCE4351461}.Debug|Any CPU.Build.0 = Debug|Any CPU
		{9E99FBEC-FA7F-40B3-BFC8-F2DCE4351461}.Release|Any CPU.ActiveCfg = Release|Any CPU
		{9E99FBEC-FA7F-40B3-BFC8-F2DCE4351461}.Release|Any CPU.Build.0 = Release|Any CPU
		{4BD91302-FD52-44E6-B310-4033CD096725}.Debug|Any CPU.ActiveCfg = Debug|Any CPU
		{4BD91302-FD52-44E6-B310-4033CD096725}.Debug|Any CPU.Build.0 = Debug|Any CPU
		{4BD91302-FD52-44E6-B310-4033CD096725}.Release|Any CPU.ActiveCfg = Release|Any CPU
		{4BD91302-FD52-44E6-B310-4033CD096725}.Release|Any CPU.Build.0 = Release|Any CPU
		{1FB46B09-46A3-4080-B47A-56EC633BD76D}.Debug|Any CPU.ActiveCfg = Debug|Any CPU
		{1FB46B09-46A3-4080-B47A-56EC633BD76D}.Debug|Any CPU.Build.0 = Debug|Any CPU
		{1FB46B09-46A3-4080-B47A-56EC633BD76D}.Release|Any CPU.ActiveCfg = Release|Any CPU
		{1FB46B09-46A3-4080-B47A-56EC633BD76D}.Release|Any CPU.Build.0 = Release|Any CPU
		{F1ABC4BB-43A1-4696-BD52-28D9DC44E31D}.Debug|Any CPU.ActiveCfg = Debug|Any CPU
		{F1ABC4BB-43A1-4696-BD52-28D9DC44E31D}.Debug|Any CPU.Build.0 = Debug|Any CPU
		{F1ABC4BB-43A1-4696-BD52-28D9DC44E31D}.Release|Any CPU.ActiveCfg = Release|Any CPU
		{F1ABC4BB-43A1-4696-BD52-28D9DC44E31D}.Release|Any CPU.Build.0 = Release|Any CPU
		{DF9BB5CB-CF2F-4970-8F9E-A396053CCFA6}.Debug|Any CPU.ActiveCfg = Debug|Any CPU
		{DF9BB5CB-CF2F-4970-8F9E-A396053CCFA6}.Debug|Any CPU.Build.0 = Debug|Any CPU
		{DF9BB5CB-CF2F-4970-8F9E-A396053CCFA6}.Release|Any CPU.ActiveCfg = Release|Any CPU
		{DF9BB5CB-CF2F-4970-8F9E-A396053CCFA6}.Release|Any CPU.Build.0 = Release|Any CPU
		{34957529-BF31-4B49-829E-E471CA315C11}.Debug|Any CPU.ActiveCfg = Debug|Any CPU
		{34957529-BF31-4B49-829E-E471CA315C11}.Debug|Any CPU.Build.0 = Debug|Any CPU
		{34957529-BF31-4B49-829E-E471CA315C11}.Release|Any CPU.ActiveCfg = Release|Any CPU
		{34957529-BF31-4B49-829E-E471CA315C11}.Release|Any CPU.Build.0 = Release|Any CPU
		{04ABF803-EB9E-42D0-83AC-8DCFE4BF90C2}.Debug|Any CPU.ActiveCfg = Debug|Any CPU
		{04ABF803-EB9E-42D0-83AC-8DCFE4BF90C2}.Debug|Any CPU.Build.0 = Debug|Any CPU
		{04ABF803-EB9E-42D0-83AC-8DCFE4BF90C2}.Release|Any CPU.ActiveCfg = Release|Any CPU
		{04ABF803-EB9E-42D0-83AC-8DCFE4BF90C2}.Release|Any CPU.Build.0 = Release|Any CPU
		{844EB59E-0C6D-45A0-B480-24B246F99F94}.Debug|Any CPU.ActiveCfg = Debug|Any CPU
		{844EB59E-0C6D-45A0-B480-24B246F99F94}.Debug|Any CPU.Build.0 = Debug|Any CPU
		{844EB59E-0C6D-45A0-B480-24B246F99F94}.Release|Any CPU.ActiveCfg = Release|Any CPU
		{844EB59E-0C6D-45A0-B480-24B246F99F94}.Release|Any CPU.Build.0 = Release|Any CPU
		{683362AD-B25F-4563-BD40-3554C7E1F9AA}.Debug|Any CPU.ActiveCfg = Debug|Any CPU
		{683362AD-B25F-4563-BD40-3554C7E1F9AA}.Debug|Any CPU.Build.0 = Debug|Any CPU
		{683362AD-B25F-4563-BD40-3554C7E1F9AA}.Release|Any CPU.ActiveCfg = Release|Any CPU
		{683362AD-B25F-4563-BD40-3554C7E1F9AA}.Release|Any CPU.Build.0 = Release|Any CPU
		{C5B86541-D948-477E-B5B7-0885A9826CA6}.Debug|Any CPU.ActiveCfg = Debug|Any CPU
		{C5B86541-D948-477E-B5B7-0885A9826CA6}.Debug|Any CPU.Build.0 = Debug|Any CPU
		{C5B86541-D948-477E-B5B7-0885A9826CA6}.Release|Any CPU.ActiveCfg = Release|Any CPU
		{C5B86541-D948-477E-B5B7-0885A9826CA6}.Release|Any CPU.Build.0 = Release|Any CPU
		{3159D996-722C-487C-8B2C-0CAD8AEC77A1}.Debug|Any CPU.ActiveCfg = Debug|Any CPU
		{3159D996-722C-487C-8B2C-0CAD8AEC77A1}.Debug|Any CPU.Build.0 = Debug|Any CPU
		{3159D996-722C-487C-8B2C-0CAD8AEC77A1}.Release|Any CPU.ActiveCfg = Release|Any CPU
		{3159D996-722C-487C-8B2C-0CAD8AEC77A1}.Release|Any CPU.Build.0 = Release|Any CPU
		{0DD48CF4-647D-4C52-901D-35F94A73C91A}.Debug|Any CPU.ActiveCfg = Debug|Any CPU
		{0DD48CF4-647D-4C52-901D-35F94A73C91A}.Debug|Any CPU.Build.0 = Debug|Any CPU
		{0DD48CF4-647D-4C52-901D-35F94A73C91A}.Release|Any CPU.ActiveCfg = Release|Any CPU
		{0DD48CF4-647D-4C52-901D-35F94A73C91A}.Release|Any CPU.Build.0 = Release|Any CPU
		{7E74A476-D414-406A-BAE5-EC6A637A4DC3}.Debug|Any CPU.ActiveCfg = Debug|Any CPU
		{7E74A476-D414-406A-BAE5-EC6A637A4DC3}.Debug|Any CPU.Build.0 = Debug|Any CPU
		{7E74A476-D414-406A-BAE5-EC6A637A4DC3}.Release|Any CPU.ActiveCfg = Release|Any CPU
		{7E74A476-D414-406A-BAE5-EC6A637A4DC3}.Release|Any CPU.Build.0 = Release|Any CPU
		{6F065AF1-48E3-44C7-946B-DADB816DAD2B}.Debug|Any CPU.ActiveCfg = Debug|Any CPU
		{6F065AF1-48E3-44C7-946B-DADB816DAD2B}.Debug|Any CPU.Build.0 = Debug|Any CPU
		{6F065AF1-48E3-44C7-946B-DADB816DAD2B}.Release|Any CPU.ActiveCfg = Release|Any CPU
		{6F065AF1-48E3-44C7-946B-DADB816DAD2B}.Release|Any CPU.Build.0 = Release|Any CPU
		{4361EF85-F2C8-404C-A0ED-A4DEF6BE8C11}.Debug|Any CPU.ActiveCfg = Debug|Any CPU
		{4361EF85-F2C8-404C-A0ED-A4DEF6BE8C11}.Debug|Any CPU.Build.0 = Debug|Any CPU
		{4361EF85-F2C8-404C-A0ED-A4DEF6BE8C11}.Release|Any CPU.ActiveCfg = Release|Any CPU
		{4361EF85-F2C8-404C-A0ED-A4DEF6BE8C11}.Release|Any CPU.Build.0 = Release|Any CPU
		{8B1EBCF9-7CD7-4433-8164-AB727AC045EA}.Debug|Any CPU.ActiveCfg = Debug|Any CPU
		{8B1EBCF9-7CD7-4433-8164-AB727AC045EA}.Debug|Any CPU.Build.0 = Debug|Any CPU
		{8B1EBCF9-7CD7-4433-8164-AB727AC045EA}.Release|Any CPU.ActiveCfg = Release|Any CPU
		{8B1EBCF9-7CD7-4433-8164-AB727AC045EA}.Release|Any CPU.Build.0 = Release|Any CPU
		{B416D7E6-5063-4874-90BF-8D1689B21304}.Debug|Any CPU.ActiveCfg = Debug|Any CPU
		{B416D7E6-5063-4874-90BF-8D1689B21304}.Debug|Any CPU.Build.0 = Debug|Any CPU
		{B416D7E6-5063-4874-90BF-8D1689B21304}.Release|Any CPU.ActiveCfg = Release|Any CPU
		{B416D7E6-5063-4874-90BF-8D1689B21304}.Release|Any CPU.Build.0 = Release|Any CPU
		{35531473-A112-4C6A-B5E3-98E0854BA745}.Debug|Any CPU.ActiveCfg = Debug|Any CPU
		{35531473-A112-4C6A-B5E3-98E0854BA745}.Debug|Any CPU.Build.0 = Debug|Any CPU
		{35531473-A112-4C6A-B5E3-98E0854BA745}.Release|Any CPU.ActiveCfg = Release|Any CPU
		{35531473-A112-4C6A-B5E3-98E0854BA745}.Release|Any CPU.Build.0 = Release|Any CPU
		{D5D6BD6C-4267-4CC5-B389-ED11B618F634}.Debug|Any CPU.ActiveCfg = Debug|Any CPU
		{D5D6BD6C-4267-4CC5-B389-ED11B618F634}.Debug|Any CPU.Build.0 = Debug|Any CPU
		{D5D6BD6C-4267-4CC5-B389-ED11B618F634}.Release|Any CPU.ActiveCfg = Release|Any CPU
		{D5D6BD6C-4267-4CC5-B389-ED11B618F634}.Release|Any CPU.Build.0 = Release|Any CPU
		{518547F6-C73C-467F-A954-F50B34F877D9}.Debug|Any CPU.ActiveCfg = Debug|Any CPU
		{518547F6-C73C-467F-A954-F50B34F877D9}.Debug|Any CPU.Build.0 = Debug|Any CPU
		{518547F6-C73C-467F-A954-F50B34F877D9}.Release|Any CPU.ActiveCfg = Release|Any CPU
		{518547F6-C73C-467F-A954-F50B34F877D9}.Release|Any CPU.Build.0 = Release|Any CPU
		{0F780ADE-8CD3-462F-8852-DB94452499DD}.Debug|Any CPU.ActiveCfg = Debug|Any CPU
		{0F780ADE-8CD3-462F-8852-DB94452499DD}.Debug|Any CPU.Build.0 = Debug|Any CPU
		{0F780ADE-8CD3-462F-8852-DB94452499DD}.Release|Any CPU.ActiveCfg = Release|Any CPU
		{0F780ADE-8CD3-462F-8852-DB94452499DD}.Release|Any CPU.Build.0 = Release|Any CPU
		{33D3F943-0EDE-42DE-9A97-49857348F3CF}.Debug|Any CPU.ActiveCfg = Debug|Any CPU
		{33D3F943-0EDE-42DE-9A97-49857348F3CF}.Debug|Any CPU.Build.0 = Debug|Any CPU
		{33D3F943-0EDE-42DE-9A97-49857348F3CF}.Release|Any CPU.ActiveCfg = Release|Any CPU
		{33D3F943-0EDE-42DE-9A97-49857348F3CF}.Release|Any CPU.Build.0 = Release|Any CPU
		{D9C351F7-CA8F-4AF6-8173-DDCA243A07CD}.Debug|Any CPU.ActiveCfg = Debug|Any CPU
		{D9C351F7-CA8F-4AF6-8173-DDCA243A07CD}.Debug|Any CPU.Build.0 = Debug|Any CPU
		{D9C351F7-CA8F-4AF6-8173-DDCA243A07CD}.Release|Any CPU.ActiveCfg = Release|Any CPU
		{D9C351F7-CA8F-4AF6-8173-DDCA243A07CD}.Release|Any CPU.Build.0 = Release|Any CPU
		{02CB798B-85A9-4DBD-BBFB-C9D99631B6A0}.Debug|Any CPU.ActiveCfg = Debug|Any CPU
		{02CB798B-85A9-4DBD-BBFB-C9D99631B6A0}.Debug|Any CPU.Build.0 = Debug|Any CPU
		{02CB798B-85A9-4DBD-BBFB-C9D99631B6A0}.Release|Any CPU.ActiveCfg = Release|Any CPU
		{02CB798B-85A9-4DBD-BBFB-C9D99631B6A0}.Release|Any CPU.Build.0 = Release|Any CPU
		{568CC734-331A-43AE-ACF6-1F900597F3F8}.Debug|Any CPU.ActiveCfg = Debug|Any CPU
		{568CC734-331A-43AE-ACF6-1F900597F3F8}.Debug|Any CPU.Build.0 = Debug|Any CPU
		{568CC734-331A-43AE-ACF6-1F900597F3F8}.Release|Any CPU.ActiveCfg = Release|Any CPU
		{568CC734-331A-43AE-ACF6-1F900597F3F8}.Release|Any CPU.Build.0 = Release|Any CPU
		{B6C45B2B-8F75-46A8-AF59-BEA126394D4D}.Debug|Any CPU.ActiveCfg = Debug|Any CPU
		{B6C45B2B-8F75-46A8-AF59-BEA126394D4D}.Debug|Any CPU.Build.0 = Debug|Any CPU
		{B6C45B2B-8F75-46A8-AF59-BEA126394D4D}.Release|Any CPU.ActiveCfg = Release|Any CPU
		{B6C45B2B-8F75-46A8-AF59-BEA126394D4D}.Release|Any CPU.Build.0 = Release|Any CPU
		{CC3275DD-4F30-443D-BC79-CBCD67416F32}.Debug|Any CPU.ActiveCfg = Debug|Any CPU
		{CC3275DD-4F30-443D-BC79-CBCD67416F32}.Debug|Any CPU.Build.0 = Debug|Any CPU
		{CC3275DD-4F30-443D-BC79-CBCD67416F32}.Release|Any CPU.ActiveCfg = Release|Any CPU
		{CC3275DD-4F30-443D-BC79-CBCD67416F32}.Release|Any CPU.Build.0 = Release|Any CPU
	EndGlobalSection
	GlobalSection(SolutionProperties) = preSolution
		HideSolutionNode = FALSE
	EndGlobalSection
	GlobalSection(NestedProjects) = preSolution
		{893FCA79-753E-4270-8771-C6F6BBA09D38} = {9DA6EF67-347E-4C42-BFDB-F582AFE0B521}
		{97CE5DCE-953F-4469-BFB6-CA4E24C74CD8} = {9DA6EF67-347E-4C42-BFDB-F582AFE0B521}
		{A34F0FFE-98B7-4C11-939F-96D4842D7DFF} = {9DA6EF67-347E-4C42-BFDB-F582AFE0B521}
		{0126CBB1-C552-41A1-AECC-C1CF01FDFB6A} = {9DA6EF67-347E-4C42-BFDB-F582AFE0B521}
		{172FBC60-4FAF-45FB-AE48-CDA766A5B5BD} = {9DA6EF67-347E-4C42-BFDB-F582AFE0B521}
		{AF590329-4C3F-4FB0-ADE9-175BF58C245D} = {9DA6EF67-347E-4C42-BFDB-F582AFE0B521}
		{CC211B25-F332-4354-A645-C27AAF48B97D} = {9DA6EF67-347E-4C42-BFDB-F582AFE0B521}
		{B1969B4D-9CDF-4E5C-B88B-EC67E8ADD59A} = {9DA6EF67-347E-4C42-BFDB-F582AFE0B521}
		{DB547C69-CE75-4970-8E68-021B6BCFB602} = {9DA6EF67-347E-4C42-BFDB-F582AFE0B521}
		{A2D12090-63A5-4C1B-A26C-8BD311A04341} = {9DA6EF67-347E-4C42-BFDB-F582AFE0B521}
		{5B418CDA-D0C3-48E1-8B16-CC90E121C5D8} = {9DA6EF67-347E-4C42-BFDB-F582AFE0B521}
		{908E6351-522C-4919-9159-2E1958981BB9} = {7B5240D9-A3D4-4718-B39D-2B13046F7BE8}
		{D2F465C6-67D6-4283-A215-3310A3AE16D5} = {7B5240D9-A3D4-4718-B39D-2B13046F7BE8}
		{F24D3FCD-A1FD-4E29-AA74-CA963A07543F} = {7B5240D9-A3D4-4718-B39D-2B13046F7BE8}
		{918D32FE-32AF-43FF-98BA-5FE1D5D7AF6F} = {7B5240D9-A3D4-4718-B39D-2B13046F7BE8}
		{E890EA25-BFDE-4443-8EB0-3A46ABB35046} = {7B5240D9-A3D4-4718-B39D-2B13046F7BE8}
		{0CBDB214-D0D2-4AEF-B42C-DD3BCA70A722} = {7B5240D9-A3D4-4718-B39D-2B13046F7BE8}
		{FA83D573-0E71-47CB-977D-46960395611D} = {37C0C2DE-E04E-4F89-8BF6-E25DAFD30801}
		{DD8F3665-F6AD-447D-A72F-02037592A8A7} = {37C0C2DE-E04E-4F89-8BF6-E25DAFD30801}
		{86B67C3D-01A3-429C-870C-DC7D28CCFA1D} = {37C0C2DE-E04E-4F89-8BF6-E25DAFD30801}
		{1FD3524E-0539-4D53-B9E8-0B2A59E53EA5} = {37C0C2DE-E04E-4F89-8BF6-E25DAFD30801}
		{963B593B-A0BB-460E-91FE-21BF5D7DB1D2} = {37C0C2DE-E04E-4F89-8BF6-E25DAFD30801}
		{D89777B8-6E3E-4E68-B9B0-9339A28A93A8} = {37C0C2DE-E04E-4F89-8BF6-E25DAFD30801}
		{28593BE6-FAFC-451D-A4B5-3C551F780CA6} = {37C0C2DE-E04E-4F89-8BF6-E25DAFD30801}
		{DF426A5A-100E-46B9-BF93-A472964693B3} = {37C0C2DE-E04E-4F89-8BF6-E25DAFD30801}
		{00F35C30-E431-43ED-9CEF-B129C42EB465} = {37C0C2DE-E04E-4F89-8BF6-E25DAFD30801}
		{531260F9-BCAF-48F2-8119-D9A5D1B0E9ED} = {37C0C2DE-E04E-4F89-8BF6-E25DAFD30801}
		{0256CCB4-A67D-4E9D-96B5-E6E9D1F793FA} = {37C0C2DE-E04E-4F89-8BF6-E25DAFD30801}
		{047CBD3D-92BC-4EAD-9DF1-472E5838766E} = {E431F97E-E611-443D-BF66-8B4A83DB0976}
		{EB8DEADE-23F0-4B70-9465-6D0B608C1EFC} = {E431F97E-E611-443D-BF66-8B4A83DB0976}
		{F2E42A85-838A-41B8-B098-E0CB8EA87461} = {E431F97E-E611-443D-BF66-8B4A83DB0976}
		{9E99FBEC-FA7F-40B3-BFC8-F2DCE4351461} = {E431F97E-E611-443D-BF66-8B4A83DB0976}
		{4BD91302-FD52-44E6-B310-4033CD096725} = {E431F97E-E611-443D-BF66-8B4A83DB0976}
		{1FB46B09-46A3-4080-B47A-56EC633BD76D} = {88767E57-2476-423B-945A-65D45603B4C1}
		{F1ABC4BB-43A1-4696-BD52-28D9DC44E31D} = {88767E57-2476-423B-945A-65D45603B4C1}
		{DF9BB5CB-CF2F-4970-8F9E-A396053CCFA6} = {88767E57-2476-423B-945A-65D45603B4C1}
		{34957529-BF31-4B49-829E-E471CA315C11} = {88767E57-2476-423B-945A-65D45603B4C1}
		{04ABF803-EB9E-42D0-83AC-8DCFE4BF90C2} = {224AFF48-3AB4-453A-B0FC-0361CF72681D}
		{844EB59E-0C6D-45A0-B480-24B246F99F94} = {224AFF48-3AB4-453A-B0FC-0361CF72681D}
		{683362AD-B25F-4563-BD40-3554C7E1F9AA} = {224AFF48-3AB4-453A-B0FC-0361CF72681D}
		{C5B86541-D948-477E-B5B7-0885A9826CA6} = {224AFF48-3AB4-453A-B0FC-0361CF72681D}
		{3159D996-722C-487C-8B2C-0CAD8AEC77A1} = {224AFF48-3AB4-453A-B0FC-0361CF72681D}
		{0DD48CF4-647D-4C52-901D-35F94A73C91A} = {0985B943-F249-4BA6-AF75-6B034878A0C1}
		{7E74A476-D414-406A-BAE5-EC6A637A4DC3} = {0985B943-F249-4BA6-AF75-6B034878A0C1}
		{6F065AF1-48E3-44C7-946B-DADB816DAD2B} = {0985B943-F249-4BA6-AF75-6B034878A0C1}
		{4361EF85-F2C8-404C-A0ED-A4DEF6BE8C11} = {5BAAF56E-6B38-4E15-9772-3EBA62275D86}
		{8B1EBCF9-7CD7-4433-8164-AB727AC045EA} = {24F2CBEE-00D2-468F-81DF-9AC49AF3E9BC}
		{B416D7E6-5063-4874-90BF-8D1689B21304} = {24F2CBEE-00D2-468F-81DF-9AC49AF3E9BC}
		{35531473-A112-4C6A-B5E3-98E0854BA745} = {24F2CBEE-00D2-468F-81DF-9AC49AF3E9BC}
		{D5D6BD6C-4267-4CC5-B389-ED11B618F634} = {24F2CBEE-00D2-468F-81DF-9AC49AF3E9BC}
		{518547F6-C73C-467F-A954-F50B34F877D9} = {24F2CBEE-00D2-468F-81DF-9AC49AF3E9BC}
		{0F780ADE-8CD3-462F-8852-DB94452499DD} = {24F2CBEE-00D2-468F-81DF-9AC49AF3E9BC}
		{33D3F943-0EDE-42DE-9A97-49857348F3CF} = {24F2CBEE-00D2-468F-81DF-9AC49AF3E9BC}
		{D9C351F7-CA8F-4AF6-8173-DDCA243A07CD} = {24F2CBEE-00D2-468F-81DF-9AC49AF3E9BC}
		{02CB798B-85A9-4DBD-BBFB-C9D99631B6A0} = {24F2CBEE-00D2-468F-81DF-9AC49AF3E9BC}
		{568CC734-331A-43AE-ACF6-1F900597F3F8} = {24F2CBEE-00D2-468F-81DF-9AC49AF3E9BC}
		{B6C45B2B-8F75-46A8-AF59-BEA126394D4D} = {24F2CBEE-00D2-468F-81DF-9AC49AF3E9BC}
		{CC3275DD-4F30-443D-BC79-CBCD67416F32} = {24F2CBEE-00D2-468F-81DF-9AC49AF3E9BC}
	EndGlobalSection
	GlobalSection(ExtensibilityGlobals) = postSolution
		SolutionGuid = {D5403F9A-5054-410D-826E-5C2CEC930106}
	EndGlobalSection
EndGlobal
